<?xml version="1.0" encoding="UTF-8" standalone="yes" ?>
<CodeBlocks_project_file>
	<FileVersion major="1" minor="6" />
	<Project>
		<Option title="libdetector" />
		<Option pch_mode="2" />
		<Option compiler="gcc" />
		<Build>
			<Target title="Debug">
				<Option output="libdetector" prefix_auto="1" extension_auto="1" />
				<Option working_dir="" />
				<Option object_output="obj/Debug/" />
				<Option type="2" />
				<Option compiler="gcc" />
				<Option createDefFile="1" />
				<Compiler>
					<Add option="-Wall" />
					<Add option="-g" />
					<Add directory="/home/c0bra/Desktop/Projects/libdetector/" />
				</Compiler>
			</Target>
			<Target title="Release">
				<Option output="libdetector" prefix_auto="1" extension_auto="1" />
				<Option working_dir="" />
				<Option object_output="obj/Release/" />
				<Option type="2" />
				<Option compiler="gcc" />
				<Option createDefFile="1" />
				<Compiler>
					<Add option="-O2" />
					<Add option="-Wall" />
					<Add directory="/home/c0bra/Desktop/Projects/libdetector/" />
				</Compiler>
				<Linker>
					<Add option="-s" />
				</Linker>
			</Target>
		</Build>
		<Unit filename="include/interface.h" />
		<Unit filename="include/libdetector.h" />
		<Unit filename="include/opencvhelper.h" />
		<Unit filename="src/detector.cpp" />
		<Unit filename="src/discriptor.cpp" />
		<Unit filename="src/image.cpp" />
		<Unit filename="src/object.cpp" />
		<Unit filename="src/opencvhelper.cpp" />
		<Unit filename="src/tracker.cpp" />
		<Unit filename="src/util.cpp" />
		<Extensions>
			<code_completion />
			<debugger />
			<envvars />
		</Extensions>
	</Project>
</CodeBlocks_project_file>
